
Microsoft Visual Studio Solution File, Format Version 12.00
# Visual Studio Version 17
VisualStudioVersion = 17.4.33213.308
MinimumVisualStudioVersion = 10.0.40219.1
Project("{FAE04EC0-301F-11D3-BF4B-00C04F79EFBC}") = "mdk 30", "mdk 30.csproj", "{768AB15C-7E2D-4C34-B831-4E704E6AD8A2}"
EndProject
Global
	GlobalSection(SolutionConfigurationPlatforms) = preSolution
		Debug|Any CPU = Debug|Any CPU
		Release|Any CPU = Release|Any CPU
	EndGlobalSection
	GlobalSection(ProjectConfigurationPlatforms) = postSolution
		{768AB15C-7E2D-4C34-B831-4E704E6AD8A2}.Debug|Any CPU.ActiveCfg = Debug|Any CPU
		{768AB15C-7E2D-4C34-B831-4E704E6AD8A2}.Debug|Any CPU.Build.0 = Debug|Any CPU
		{768AB15C-7E2D-4C34-B831-4E704E6AD8A2}.Release|Any CPU.ActiveCfg = Release|Any CPU
		{768AB15C-7E2D-4C34-B831-4E704E6AD8A2}.Release|Any CPU.Build.0 = Release|Any CPU
	EndGlobalSection
	GlobalSection(SolutionProperties) = preSolution
		HideSolutionNode = FALSE
	EndGlobalSection
	GlobalSection(ExtensibilityGlobals) = postSolution
		SolutionGuid = {95EBBC2F-0266-401D-A2EC-6F24C5A8D7B8}
	EndGlobalSection
EndGlobal
